
Microsoft Visual Studio Solution File, Format Version 12.00
# Visual Studio 15
VisualStudioVersion = 15.0.27130.2036
MinimumVisualStudioVersion = 10.0.40219.1
Project("{FAE04EC0-301F-11D3-BF4B-00C04F79EFBC}") = "Warcraft3-Name-Spoof", "Warcraft3-Name-Spoof\Warcraft3-Name-Spoof.csproj", "{0A865749-D405-4DCF-9721-4A0FD25B96F1}"
EndProject
Global
	GlobalSection(SolutionConfigurationPlatforms) = preSolution
		Debug|Any CPU = Debug|Any CPU
		Release|Any CPU = Release|Any CPU
	EndGlobalSection
	GlobalSection(ProjectConfigurationPlatforms) = postSolution
		{0A865749-D405-4DCF-9721-4A0FD25B96F1}.Debug|Any CPU.ActiveCfg = Debug|Any CPU
		{0A865749-D405-4DCF-9721-4A0FD25B96F1}.Debug|Any CPU.Build.0 = Debug|Any CPU
		{0A865749-D405-4DCF-9721-4A0FD25B96F1}.Release|Any CPU.ActiveCfg = Release|Any CPU
		{0A865749-D405-4DCF-9721-4A0FD25B96F1}.Release|Any CPU.Build.0 = Release|Any CPU
	EndGlobalSection
	GlobalSection(SolutionProperties) = preSolution
		HideSolutionNode = FALSE
	EndGlobalSection
	GlobalSection(ExtensibilityGlobals) = postSolution
		SolutionGuid = {79EDB788-2F2C-419D-8354-DC4FC5B7EF88}
	EndGlobalSection
EndGlobal
